schema: '2.0'
stages:
  download_pecd_capacity_factors:
    cmd: uv run python pipeline/01_download_pecd_capacity_factors.py
    deps:
    - path: hpsp/cds.py
      hash: md5
      md5: de69c8bc48070dd7da6ab36a93477a61
      size: 1117
    - path: pipeline/01_download_pecd_capacity_factors.py
      hash: md5
      md5: 4005f7a144aec8a4e681fc76d4060244
      size: 4382
    outs:
    - path: data/downloads/pecd/
      hash: md5
      md5: c980fb6f1f5b98da2af36d47ec186de0.dir
      size: 1711784635
      nfiles: 30
  process_pecd_capacity_factors:
    cmd: uv run python pipeline/02_process_pecd_capacity_factors.py
    deps:
    - path: data/downloads/pecd/
      hash: md5
      md5: c980fb6f1f5b98da2af36d47ec186de0.dir
      size: 1711784635
      nfiles: 30
    - path: hpsp/pecd_io.py
      hash: md5
      md5: 555e79a263542694162c26b7961b9640
      size: 2234
    - path: pipeline/02_process_pecd_capacity_factors.py
      hash: md5
      md5: 043c850994fc6fa20194cf94ff0bceff
      size: 3179
    outs:
    - path: data/processed/_intermediate/capacity_factors_zonal_solar.parquet
      hash: md5
      md5: 8167643548bb0cdcb3e24480e060bca6
      size: 141266142
    - path: 
        data/processed/_intermediate/capacity_factors_zonal_wind_offshore.parquet
      hash: md5
      md5: f5754bdc0e2c1126739069c516e6d9a7
      size: 8629394
    - path: 
        data/processed/_intermediate/capacity_factors_zonal_wind_onshore.parquet
      hash: md5
      md5: f6fefa4274a35902103804da6fbfbe00
      size: 8245028
  prepare_mastr_track_a_inputs:
    cmd: uv run python pipeline/03_prepare_mastr_track_a_inputs.py
    deps:
    - path: pipeline/03_prepare_mastr_track_a_inputs.py
      hash: md5
      md5: 9d37aceffb414c50e826b74f63df2c01
      size: 2236
    outs:
    - path: data/processed/mastr_units_wind_solar.parquet
      hash: md5
      md5: ceb6e9cb193e2630e939bb7a4dc2cb99
      size: 42735495
    - path: data/processed/pecd_region_mask_peof.parquet
      hash: md5
      md5: 7d1b23dac7ebd49e74070bd6aaa909a7
      size: 4641
    - path: data/processed/pecd_region_mask_peon.parquet
      hash: md5
      md5: c364ffb40e983990af73b3105bc484e9
      size: 7024
  prepare_capacity_factors_national:
    cmd: uv run python pipeline/04_prepare_capacity_factors_national.py
    deps:
    - path: data/processed/_intermediate/capacity_factors_zonal_solar.parquet
      hash: md5
      md5: 8167643548bb0cdcb3e24480e060bca6
      size: 141266142
    - path: 
        data/processed/_intermediate/capacity_factors_zonal_wind_offshore.parquet
      hash: md5
      md5: f5754bdc0e2c1126739069c516e6d9a7
      size: 8629394
    - path: 
        data/processed/_intermediate/capacity_factors_zonal_wind_onshore.parquet
      hash: md5
      md5: f6fefa4274a35902103804da6fbfbe00
      size: 8245028
    - path: pipeline/04_prepare_capacity_factors_national.py
      hash: md5
      md5: 90b9581e3aad2812d0fe99b50ef2aafd
      size: 3547
    outs:
    - path: data/processed/capacity_factors_de_national.parquet
      hash: md5
      md5: 2d943239d0925a9fd273f7eb47ef89a7
      size: 10313268
  prepare_capacity_factors_zonal:
    cmd: uv run python pipeline/05_prepare_capacity_factors_zonal.py
    deps:
    - path: data/processed/_intermediate/capacity_factors_zonal_solar.parquet
      hash: md5
      md5: 8167643548bb0cdcb3e24480e060bca6
      size: 141266142
    - path: 
        data/processed/_intermediate/capacity_factors_zonal_wind_offshore.parquet
      hash: md5
      md5: f5754bdc0e2c1126739069c516e6d9a7
      size: 8629394
    - path: 
        data/processed/_intermediate/capacity_factors_zonal_wind_onshore.parquet
      hash: md5
      md5: f6fefa4274a35902103804da6fbfbe00
      size: 8245028
    - path: pipeline/05_prepare_capacity_factors_zonal.py
      hash: md5
      md5: 5b3359c02f4e8c73e2471937590a90fe
      size: 1720
    outs:
    - path: data/processed/capacity_factors_zonal_solar.parquet
      hash: md5
      md5: 913e54dfb0a6317099a83a60b3ce2bf5
      size: 51576891
    - path: data/processed/capacity_factors_zonal_wind_offshore.parquet
      hash: md5
      md5: fc0302a6df4558f45f41a11788b71060
      size: 2929080
    - path: data/processed/capacity_factors_zonal_wind_onshore.parquet
      hash: md5
      md5: 0284b97259860845add1711ae124e113
      size: 2296648
  prepare_demand_and_generation:
    cmd: uv run python pipeline/06_prepare_demand_and_generation.py
    deps:
    - path: pipeline/06_prepare_demand_and_generation.py
      hash: md5
      md5: 813acd7adfecb670ca5ee26ef79119c3
      size: 2166
    outs:
    - path: data/processed/demand_de_national.parquet
      hash: md5
      md5: 8a9d3393784b0857a51569c3d5e431fa
      size: 990384
    - path: data/processed/generation_de_by_technology.parquet
      hash: md5
      md5: 259f600389a9264c8db91598b4c08e65
      size: 1543242
  explore_capacity_factors_de:
    cmd: MPLBACKEND=Agg uv run jupytext --to notebook --execute --set-kernel 
      python3 --output book/notebooks/01_explore_capacity_factors_de.ipynb 
      pipeline/01_explore_capacity_factors_de.py && uv run python 
      pipeline/_strip_jupytext_metadata.py 
      book/notebooks/01_explore_capacity_factors_de.ipynb
    deps:
    - path: data/input/pecd/pecd_country_capacity_factors_simple_de.parquet
      hash: md5
      md5: f5d731436bc741f48555859568751446
      size: 11895061
    - path: pipeline/01_explore_capacity_factors_de.py
      hash: md5
      md5: 6855557c2b51f6e0af5c4606753de4e2
      size: 5183
    outs:
    - path: book/notebooks/01_explore_capacity_factors_de.ipynb
      hash: md5
      md5: fc205d5a01ed5480d5fc1f2170d2fd96
      size: 15321
    - path: output/images/01_monthly_capacity_factors.png
      hash: md5
      md5: 6a20c43e86c3c98634c6357475895029
      size: 313730
    - path: output/images/01_sample_weeks.png
      hash: md5
      md5: b5dd1cc432634a6dc4b902d450478af8
      size: 219767
    - path: output/images/01_seasonality_by_month.png
      hash: md5
      md5: c9179fc5fa7cb82c6c51b0a0452767e3
      size: 44874
  input_data_overview:
    cmd: MPLBACKEND=Agg uv run jupytext --to notebook --execute --set-kernel 
      python3 --output book/notebooks/00_explore_input_data.ipynb 
      pipeline/00_explore_input_data.py && uv run python 
      pipeline/_strip_jupytext_metadata.py 
      book/notebooks/00_explore_input_data.ipynb
    deps:
    - path: data/input/mastr
      hash: md5
      md5: 756ee61cf6ecf2ada646287b2c9f01fe.dir
      size: 287980756
      nfiles: 3
    - path: data/input/pecd
      hash: md5
      md5: c41190c08fbe2052aadb1fcae7f00388.dir
      size: 420693787
      nfiles: 7
    - path: data/input/regions
      hash: md5
      md5: ae9117bed0881a9279fef1c4318f8f0e.dir
      size: 66832
      nfiles: 1
    - path: pipeline/00_explore_input_data.py
      hash: md5
      md5: 0eece820513e4b4e2a52d3d8a89f7365
      size: 8715
    outs:
    - path: book/notebooks/00_explore_input_data.ipynb
      hash: md5
      md5: 8441ea2fc623bbc6eeb33cf274612883
      size: 110676
  download_input_data:
    cmd: uv run python pipeline/download_input_data.py
    deps:
    - path: pipeline/download_input_data.py
      hash: md5
      md5: a7e88ed71012bf903dc90432bc90b024
      size: 1815
    outs:
    - path: data/input/mastr/
      hash: md5
      md5: 756ee61cf6ecf2ada646287b2c9f01fe.dir
      size: 287980756
      nfiles: 3
    - path: data/input/pecd/
      hash: md5
      md5: c41190c08fbe2052aadb1fcae7f00388.dir
      size: 420693787
      nfiles: 7
    - path: data/input/regions/
      hash: md5
      md5: ae9117bed0881a9279fef1c4318f8f0e.dir
      size: 66832
      nfiles: 1
